// !$*UTF8*$!
{
	archiveVersion = 1;
	classes = {
	};
	objectVersion = 46;
	objects = {

/* Begin PBXBuildFile section */
		15003FA315D2601D00B6775A /* iphone in Resources */ = {isa = PBXBuildFile; fileRef = 15003FA215D2601D00B6775A /* iphone */; };
		1A1CF3691626CEFF00AFC938 /* ipad in Resources */ = {isa = PBXBuildFile; fileRef = 1A1CF3671626CEFF00AFC938 /* ipad */; };
		1A1CF36A1626CEFF00AFC938 /* ipadhd in Resources */ = {isa = PBXBuildFile; fileRef = 1A1CF3681626CEFF00AFC938 /* ipadhd */; };
		1B1761B216A46265004010F6 /* CCBAnimationManager.cpp in Sources */ = {isa = PBXBuildFile; fileRef = 1B17614016A46265004010F6 /* CCBAnimationManager.cpp */; };
		1B1761B316A46265004010F6 /* CCBFileLoader.cpp in Sources */ = {isa = PBXBuildFile; fileRef = 1B17614216A46265004010F6 /* CCBFileLoader.cpp */; };
		1B1761B416A46265004010F6 /* CCBKeyframe.cpp in Sources */ = {isa = PBXBuildFile; fileRef = 1B17614416A46265004010F6 /* CCBKeyframe.cpp */; };
		1B1761B516A46265004010F6 /* CCBReader.cpp in Sources */ = {isa = PBXBuildFile; fileRef = 1B17614716A46265004010F6 /* CCBReader.cpp */; };
		1B1761B616A46265004010F6 /* CCBSequence.cpp in Sources */ = {isa = PBXBuildFile; fileRef = 1B17614A16A46265004010F6 /* CCBSequence.cpp */; };
		1B1761B716A46265004010F6 /* CCBSequenceProperty.cpp in Sources */ = {isa = PBXBuildFile; fileRef = 1B17614C16A46265004010F6 /* CCBSequenceProperty.cpp */; };
		1B1761B816A46265004010F6 /* CCBValue.cpp in Sources */ = {isa = PBXBuildFile; fileRef = 1B17614E16A46265004010F6 /* CCBValue.cpp */; };
		1B1761B916A46265004010F6 /* CCControlButtonLoader.cpp in Sources */ = {isa = PBXBuildFile; fileRef = 1B17615016A46265004010F6 /* CCControlButtonLoader.cpp */; };
		1B1761BA16A46265004010F6 /* CCControlLoader.cpp in Sources */ = {isa = PBXBuildFile; fileRef = 1B17615216A46265004010F6 /* CCControlLoader.cpp */; };
		1B1761BB16A46265004010F6 /* CCData.cpp in Sources */ = {isa = PBXBuildFile; fileRef = 1B17615416A46265004010F6 /* CCData.cpp */; };
		1B1761BC16A46265004010F6 /* CCLabelBMFontLoader.cpp in Sources */ = {isa = PBXBuildFile; fileRef = 1B17615616A46265004010F6 /* CCLabelBMFontLoader.cpp */; };
		1B1761BD16A46265004010F6 /* CCLabelTTFLoader.cpp in Sources */ = {isa = PBXBuildFile; fileRef = 1B17615816A46265004010F6 /* CCLabelTTFLoader.cpp */; };
		1B1761BE16A46265004010F6 /* CCLayerColorLoader.cpp in Sources */ = {isa = PBXBuildFile; fileRef = 1B17615A16A46265004010F6 /* CCLayerColorLoader.cpp */; };
		1B1761BF16A46265004010F6 /* CCLayerGradientLoader.cpp in Sources */ = {isa = PBXBuildFile; fileRef = 1B17615C16A46265004010F6 /* CCLayerGradientLoader.cpp */; };
		1B1761C016A46265004010F6 /* CCLayerLoader.cpp in Sources */ = {isa = PBXBuildFile; fileRef = 1B17615E16A46265004010F6 /* CCLayerLoader.cpp */; };
		1B1761C116A46265004010F6 /* CCMenuItemImageLoader.cpp in Sources */ = {isa = PBXBuildFile; fileRef = 1B17616016A46265004010F6 /* CCMenuItemImageLoader.cpp */; };
		1B1761C216A46265004010F6 /* CCMenuItemLoader.cpp in Sources */ = {isa = PBXBuildFile; fileRef = 1B17616216A46265004010F6 /* CCMenuItemLoader.cpp */; };
		1B1761C316A46265004010F6 /* CCNode+CCBRelativePositioning.cpp in Sources */ = {isa = PBXBuildFile; fileRef = 1B17616516A46265004010F6 /* CCNode+CCBRelativePositioning.cpp */; };
		1B1761C416A46265004010F6 /* CCNodeLoader.cpp in Sources */ = {isa = PBXBuildFile; fileRef = 1B17616716A46265004010F6 /* CCNodeLoader.cpp */; };
		1B1761C516A46265004010F6 /* CCNodeLoaderLibrary.cpp in Sources */ = {isa = PBXBuildFile; fileRef = 1B17616916A46265004010F6 /* CCNodeLoaderLibrary.cpp */; };
		1B1761C616A46265004010F6 /* CCParticleSystemQuadLoader.cpp in Sources */ = {isa = PBXBuildFile; fileRef = 1B17616C16A46265004010F6 /* CCParticleSystemQuadLoader.cpp */; };
		1B1761C716A46265004010F6 /* CCScale9SpriteLoader.cpp in Sources */ = {isa = PBXBuildFile; fileRef = 1B17616E16A46265004010F6 /* CCScale9SpriteLoader.cpp */; };
		1B1761C816A46265004010F6 /* CCScrollViewLoader.cpp in Sources */ = {isa = PBXBuildFile; fileRef = 1B17617016A46265004010F6 /* CCScrollViewLoader.cpp */; };
		1B1761C916A46265004010F6 /* CCSpriteLoader.cpp in Sources */ = {isa = PBXBuildFile; fileRef = 1B17617216A46265004010F6 /* CCSpriteLoader.cpp */; };
		1B1761CA16A46265004010F6 /* CCControl.cpp in Sources */ = {isa = PBXBuildFile; fileRef = 1B17617816A46265004010F6 /* CCControl.cpp */; };
		1B1761CB16A46265004010F6 /* CCControlButton.cpp in Sources */ = {isa = PBXBuildFile; fileRef = 1B17617A16A46265004010F6 /* CCControlButton.cpp */; };
		1B1761CC16A46265004010F6 /* CCControlColourPicker.cpp in Sources */ = {isa = PBXBuildFile; fileRef = 1B17617C16A46265004010F6 /* CCControlColourPicker.cpp */; };
		1B1761CD16A46265004010F6 /* CCControlHuePicker.cpp in Sources */ = {isa = PBXBuildFile; fileRef = 1B17617F16A46265004010F6 /* CCControlHuePicker.cpp */; };
		1B1761CE16A46265004010F6 /* CCControlPotentiometer.cpp in Sources */ = {isa = PBXBuildFile; fileRef = 1B17618116A46265004010F6 /* CCControlPotentiometer.cpp */; };
		1B1761CF16A46265004010F6 /* CCControlSaturationBrightnessPicker.cpp in Sources */ = {isa = PBXBuildFile; fileRef = 1B17618316A46265004010F6 /* CCControlSaturationBrightnessPicker.cpp */; };
		1B1761D016A46265004010F6 /* CCControlSlider.cpp in Sources */ = {isa = PBXBuildFile; fileRef = 1B17618516A46265004010F6 /* CCControlSlider.cpp */; };
		1B1761D116A46265004010F6 /* CCControlStepper.cpp in Sources */ = {isa = PBXBuildFile; fileRef = 1B17618716A46265004010F6 /* CCControlStepper.cpp */; };
		1B1761D216A46265004010F6 /* CCControlSwitch.cpp in Sources */ = {isa = PBXBuildFile; fileRef = 1B17618916A46265004010F6 /* CCControlSwitch.cpp */; };
		1B1761D316A46265004010F6 /* CCControlUtils.cpp in Sources */ = {isa = PBXBuildFile; fileRef = 1B17618B16A46265004010F6 /* CCControlUtils.cpp */; };
		1B1761D416A46265004010F6 /* CCInvocation.cpp in Sources */ = {isa = PBXBuildFile; fileRef = 1B17618D16A46265004010F6 /* CCInvocation.cpp */; };
		1B1761D516A46265004010F6 /* CCScale9Sprite.cpp in Sources */ = {isa = PBXBuildFile; fileRef = 1B17618F16A46265004010F6 /* CCScale9Sprite.cpp */; };
		1B1761D616A46265004010F6 /* CCEditBox.cpp in Sources */ = {isa = PBXBuildFile; fileRef = 1B17619216A46265004010F6 /* CCEditBox.cpp */; };
		1B1761D816A46265004010F6 /* CCEditBoxImplIOS.mm in Sources */ = {isa = PBXBuildFile; fileRef = 1B17619816A46265004010F6 /* CCEditBoxImplIOS.mm */; };
		1B1761D916A46265004010F6 /* EditBoxImplIOS.mm in Sources */ = {isa = PBXBuildFile; fileRef = 1B17619A16A46265004010F6 /* EditBoxImplIOS.mm */; };
		1B1761DA16A46265004010F6 /* CCScrollView.cpp in Sources */ = {isa = PBXBuildFile; fileRef = 1B17619C16A46265004010F6 /* CCScrollView.cpp */; };
		1B1761DB16A46265004010F6 /* CCSorting.cpp in Sources */ = {isa = PBXBuildFile; fileRef = 1B17619E16A46265004010F6 /* CCSorting.cpp */; };
		1B1761DC16A46265004010F6 /* CCTableView.cpp in Sources */ = {isa = PBXBuildFile; fileRef = 1B1761A016A46265004010F6 /* CCTableView.cpp */; };
		1B1761DD16A46265004010F6 /* CCTableViewCell.cpp in Sources */ = {isa = PBXBuildFile; fileRef = 1B1761A216A46265004010F6 /* CCTableViewCell.cpp */; };
		1B1761DE16A46265004010F6 /* HttpClient.cpp in Sources */ = {isa = PBXBuildFile; fileRef = 1B1761A516A46265004010F6 /* HttpClient.cpp */; };
		1B1761E616A46392004010F6 /* libcurl.a in Frameworks */ = {isa = PBXBuildFile; fileRef = 1B1761E516A46392004010F6 /* libcurl.a */; };
		1B1761FF16A465A6004010F6 /* libcurl.a in Frameworks */ = {isa = PBXBuildFile; fileRef = 1B1761E516A46392004010F6 /* libcurl.a */; };
		1B1762E416A72E2E004010F6 /* CocosUnitTestResultPrinter.cpp in Sources */ = {isa = PBXBuildFile; fileRef = 1B1762E216A72E2E004010F6 /* CocosUnitTestResultPrinter.cpp */; };
		1B17635E16A84698004010F6 /* libgtest.a in Frameworks */ = {isa = PBXBuildFile; fileRef = 1B17635316A8467A004010F6 /* libgtest.a */; };
		1B59068C169E152800DC668C /* Icon-57.png in Resources */ = {isa = PBXBuildFile; fileRef = D4EF94E715BD319200D803EB /* Icon-57.png */; };
		1B59068D169E152800DC668C /* Icon-114.png in Resources */ = {isa = PBXBuildFile; fileRef = D4EF94E915BD319500D803EB /* Icon-114.png */; };
		1B59068E169E152800DC668C /* Icon-72.png in Resources */ = {isa = PBXBuildFile; fileRef = D4EF94EB15BD319B00D803EB /* Icon-72.png */; };
		1B59068F169E152800DC668C /* Icon-144.png in Resources */ = {isa = PBXBuildFile; fileRef = D4EF94ED15BD319D00D803EB /* Icon-144.png */; };
		1B590690169E152800DC668C /* iphone in Resources */ = {isa = PBXBuildFile; fileRef = 15003FA215D2601D00B6775A /* iphone */; };
		1B590691169E152800DC668C /* Default.png in Resources */ = {isa = PBXBuildFile; fileRef = D446FD78161028E9000ADA7B /* Default.png */; };
		1B590692169E152800DC668C /* Default@2x.png in Resources */ = {isa = PBXBuildFile; fileRef = D446FD7A161028ED000ADA7B /* Default@2x.png */; };
		1B590693169E152800DC668C /* Default-568h@2x.png in Resources */ = {isa = PBXBuildFile; fileRef = D446FD7C161028F4000ADA7B /* Default-568h@2x.png */; };
		1B590694169E152800DC668C /* ipad in Resources */ = {isa = PBXBuildFile; fileRef = 1A1CF3671626CEFF00AFC938 /* ipad */; };
		1B590695169E152800DC668C /* ipadhd in Resources */ = {isa = PBXBuildFile; fileRef = 1A1CF3681626CEFF00AFC938 /* ipadhd */; };
		1B590697169E152800DC668C /* AppController.mm in Sources */ = {isa = PBXBuildFile; fileRef = BF365AA712A103F70050DCF4 /* AppController.mm */; };
		1B590698169E152800DC668C /* RootViewController.mm in Sources */ = {isa = PBXBuildFile; fileRef = BF4DE6AC138BB89600CF907D /* RootViewController.mm */; };
		1B59069E169E152800DC668C /* Foundation.framework in Frameworks */ = {isa = PBXBuildFile; fileRef = 1D30AB110D05D00D00671497 /* Foundation.framework */; };
		1B59069F169E152800DC668C /* UIKit.framework in Frameworks */ = {isa = PBXBuildFile; fileRef = 1DF5F4DF0D08C38300B7A737 /* UIKit.framework */; };
		1B5906A0169E152800DC668C /* CoreGraphics.framework in Frameworks */ = {isa = PBXBuildFile; fileRef = 288765A40DF7441C002DB57D /* CoreGraphics.framework */; };
		1B5906A1169E152800DC668C /* OpenGLES.framework in Frameworks */ = {isa = PBXBuildFile; fileRef = BF492D4B1289302400A09262 /* OpenGLES.framework */; };
		1B5906A2169E152800DC668C /* libxml2.dylib in Frameworks */ = {isa = PBXBuildFile; fileRef = BF492C21128924A800A09262 /* libxml2.dylib */; };
		1B5906A3169E152800DC668C /* libz.dylib in Frameworks */ = {isa = PBXBuildFile; fileRef = BF492B6912891AC600A09262 /* libz.dylib */; };
		1B5906A4169E152800DC668C /* QuartzCore.framework in Frameworks */ = {isa = PBXBuildFile; fileRef = BF137426128A8E4600D9F789 /* QuartzCore.framework */; };
		1B5906AC169E172200DC668C /* LevireTemplate-Info.plist in Resources */ = {isa = PBXBuildFile; fileRef = 1B5906AB169E172200DC668C /* LevireTemplate-Info.plist */; };
		1B5906B0169E199400DC668C /* SampleTest.cpp in Sources */ = {isa = PBXBuildFile; fileRef = 1B5906AE169E199400DC668C /* SampleTest.cpp */; };
		1B590713169E2F5500DC668C /* libcocos2dx.a in Frameworks */ = {isa = PBXBuildFile; fileRef = 79E025B7169B6F8B00B2E3C3 /* libcocos2dx.a */; };
		1B590719169E352600DC668C /* AppDelegate.cpp in Sources */ = {isa = PBXBuildFile; fileRef = 1B590714169E352600DC668C /* AppDelegate.cpp */; };
		1B59071A169E352600DC668C /* TestRunnerScene.cpp in Sources */ = {isa = PBXBuildFile; fileRef = 1B590717169E352600DC668C /* TestRunnerScene.cpp */; };
		1B59071B169E363D00DC668C /* AppDelegate.cpp in Sources */ = {isa = PBXBuildFile; fileRef = BF23D4E3143315EB00657E08 /* AppDelegate.cpp */; };
		1B59071C169E364200DC668C /* HelloWorldScene.cpp in Sources */ = {isa = PBXBuildFile; fileRef = BF23D4E5143315EB00657E08 /* HelloWorldScene.cpp */; };
		1B59071D169E394200DC668C /* main.m in Sources */ = {isa = PBXBuildFile; fileRef = D4ABB4B213B4395300552E6E /* main.m */; };
		1B59071E169E397900DC668C /* main.m in Sources */ = {isa = PBXBuildFile; fileRef = D4ABB4B213B4395300552E6E /* main.m */; };
		1D60589F0D05DD5A006BFB54 /* Foundation.framework in Frameworks */ = {isa = PBXBuildFile; fileRef = 1D30AB110D05D00D00671497 /* Foundation.framework */; };
		1DF5F4E00D08C38300B7A737 /* UIKit.framework in Frameworks */ = {isa = PBXBuildFile; fileRef = 1DF5F4DF0D08C38300B7A737 /* UIKit.framework */; };
		288765A50DF7441C002DB57D /* CoreGraphics.framework in Frameworks */ = {isa = PBXBuildFile; fileRef = 288765A40DF7441C002DB57D /* CoreGraphics.framework */; };
		79E025B8169B72C400B2E3C3 /* libcocos2dx.a in Frameworks */ = {isa = PBXBuildFile; fileRef = 79E025B7169B6F8B00B2E3C3 /* libcocos2dx.a */; };
		BF1373EF128A898400D9F789 /* OpenGLES.framework in Frameworks */ = {isa = PBXBuildFile; fileRef = BF492D4B1289302400A09262 /* OpenGLES.framework */; };
		BF1373F0128A899500D9F789 /* libxml2.dylib in Frameworks */ = {isa = PBXBuildFile; fileRef = BF492C21128924A800A09262 /* libxml2.dylib */; };
		BF1373F1128A899E00D9F789 /* libz.dylib in Frameworks */ = {isa = PBXBuildFile; fileRef = BF492B6912891AC600A09262 /* libz.dylib */; };
		BF13742F128A8E6A00D9F789 /* QuartzCore.framework in Frameworks */ = {isa = PBXBuildFile; fileRef = BF137426128A8E4600D9F789 /* QuartzCore.framework */; };
		BF365AA812A103F70050DCF4 /* AppController.mm in Sources */ = {isa = PBXBuildFile; fileRef = BF365AA712A103F70050DCF4 /* AppController.mm */; };
		BF4DE6AD138BB89600CF907D /* RootViewController.mm in Sources */ = {isa = PBXBuildFile; fileRef = BF4DE6AC138BB89600CF907D /* RootViewController.mm */; };
		D446FD79161028E9000ADA7B /* Default.png in Resources */ = {isa = PBXBuildFile; fileRef = D446FD78161028E9000ADA7B /* Default.png */; };
		D446FD7B161028ED000ADA7B /* Default@2x.png in Resources */ = {isa = PBXBuildFile; fileRef = D446FD7A161028ED000ADA7B /* Default@2x.png */; };
		D446FD7D161028F4000ADA7B /* Default-568h@2x.png in Resources */ = {isa = PBXBuildFile; fileRef = D446FD7C161028F4000ADA7B /* Default-568h@2x.png */; };
		D4EF94E815BD319200D803EB /* Icon-57.png in Resources */ = {isa = PBXBuildFile; fileRef = D4EF94E715BD319200D803EB /* Icon-57.png */; };
		D4EF94EA15BD319500D803EB /* Icon-114.png in Resources */ = {isa = PBXBuildFile; fileRef = D4EF94E915BD319500D803EB /* Icon-114.png */; };
		D4EF94EC15BD319B00D803EB /* Icon-72.png in Resources */ = {isa = PBXBuildFile; fileRef = D4EF94EB15BD319B00D803EB /* Icon-72.png */; };
		D4EF94EE15BD319D00D803EB /* Icon-144.png in Resources */ = {isa = PBXBuildFile; fileRef = D4EF94ED15BD319D00D803EB /* Icon-144.png */; };
/* End PBXBuildFile section */

/* Begin PBXContainerItemProxy section */
		1B17635016A8467A004010F6 /* PBXContainerItemProxy */ = {
			isa = PBXContainerItemProxy;
			containerPortal = 1B5906E7169E29CE00DC668C /* gtest-ios.xcodeproj */;
			proxyType = 2;
			remoteGlobalIDString = 4539C8FF0EC27F6400A70F4C;
			remoteInfo = "gtest-framework";
		};
		1B17635216A8467A004010F6 /* PBXContainerItemProxy */ = {
			isa = PBXContainerItemProxy;
			containerPortal = 1B5906E7169E29CE00DC668C /* gtest-ios.xcodeproj */;
			proxyType = 2;
			remoteGlobalIDString = 40C848FA101A209C0083642A;
			remoteInfo = "gtest-static";
		};
		1B17635416A8467A004010F6 /* PBXContainerItemProxy */ = {
			isa = PBXContainerItemProxy;
			containerPortal = 1B5906E7169E29CE00DC668C /* gtest-ios.xcodeproj */;
			proxyType = 2;
			remoteGlobalIDString = 40C8490B101A217E0083642A;
			remoteInfo = "gtest_main-static";
		};
		1B17635616A8467A004010F6 /* PBXContainerItemProxy */ = {
			isa = PBXContainerItemProxy;
			containerPortal = 1B5906E7169E29CE00DC668C /* gtest-ios.xcodeproj */;
			proxyType = 2;
			remoteGlobalIDString = 40899F430FFA7184000B29AE;
			remoteInfo = "gtest_unittest-framework";
		};
		1B17635816A8467A004010F6 /* PBXContainerItemProxy */ = {
			isa = PBXContainerItemProxy;
			containerPortal = 1B5906E7169E29CE00DC668C /* gtest-ios.xcodeproj */;
			proxyType = 2;
			remoteGlobalIDString = 40C84987101A36850083642A;
			remoteInfo = "gtest_unittest-static";
		};
		1B17635A16A8467A004010F6 /* PBXContainerItemProxy */ = {
			isa = PBXContainerItemProxy;
			containerPortal = 1B5906E7169E29CE00DC668C /* gtest-ios.xcodeproj */;
			proxyType = 2;
			remoteGlobalIDString = 4089A0130FFACEFC000B29AE;
			remoteInfo = "sample1_unittest-framework";
		};
		1B17635C16A8467A004010F6 /* PBXContainerItemProxy */ = {
			isa = PBXContainerItemProxy;
			containerPortal = 1B5906E7169E29CE00DC668C /* gtest-ios.xcodeproj */;
			proxyType = 2;
			remoteGlobalIDString = 40C84997101A36A60083642A;
			remoteInfo = "sample1_unittest-static";
		};
		79E025B6169B6F8B00B2E3C3 /* PBXContainerItemProxy */ = {
			isa = PBXContainerItemProxy;
			containerPortal = 79E025AF169B6F8A00B2E3C3 /* cocos2dx.xcodeproj */;
			proxyType = 2;
			remoteGlobalIDString = 1551A33F158F2AB200E66CFE;
			remoteInfo = cocos2dx;
		};
/* End PBXContainerItemProxy section */

/* Begin PBXFileReference section */
		15003FA215D2601D00B6775A /* iphone */ = {isa = PBXFileReference; lastKnownFileType = folder; path = iphone; sourceTree = "<group>"; };
		1A1CF3661626CB6000AFC938 /* AppMacros.h */ = {isa = PBXFileReference; fileEncoding = 4; lastKnownFileType = sourcecode.c.h; path = AppMacros.h; sourceTree = "<group>"; };
		1A1CF3671626CEFF00AFC938 /* ipad */ = {isa = PBXFileReference; lastKnownFileType = folder; path = ipad; sourceTree = "<group>"; };
		1A1CF3681626CEFF00AFC938 /* ipadhd */ = {isa = PBXFileReference; lastKnownFileType = folder; path = ipadhd; sourceTree = "<group>"; };
		1B17614016A46265004010F6 /* CCBAnimationManager.cpp */ = {isa = PBXFileReference; fileEncoding = 4; lastKnownFileType = sourcecode.cpp.cpp; path = CCBAnimationManager.cpp; sourceTree = "<group>"; };
		1B17614116A46265004010F6 /* CCBAnimationManager.h */ = {isa = PBXFileReference; fileEncoding = 4; lastKnownFileType = sourcecode.c.h; path = CCBAnimationManager.h; sourceTree = "<group>"; };
		1B17614216A46265004010F6 /* CCBFileLoader.cpp */ = {isa = PBXFileReference; fileEncoding = 4; lastKnownFileType = sourcecode.cpp.cpp; path = CCBFileLoader.cpp; sourceTree = "<group>"; };
		1B17614316A46265004010F6 /* CCBFileLoader.h */ = {isa = PBXFileReference; fileEncoding = 4; lastKnownFileType = sourcecode.c.h; path = CCBFileLoader.h; sourceTree = "<group>"; };
		1B17614416A46265004010F6 /* CCBKeyframe.cpp */ = {isa = PBXFileReference; fileEncoding = 4; lastKnownFileType = sourcecode.cpp.cpp; path = CCBKeyframe.cpp; sourceTree = "<group>"; };
		1B17614516A46265004010F6 /* CCBKeyframe.h */ = {isa = PBXFileReference; fileEncoding = 4; lastKnownFileType = sourcecode.c.h; path = CCBKeyframe.h; sourceTree = "<group>"; };
		1B17614616A46265004010F6 /* CCBMemberVariableAssigner.h */ = {isa = PBXFileReference; fileEncoding = 4; lastKnownFileType = sourcecode.c.h; path = CCBMemberVariableAssigner.h; sourceTree = "<group>"; };
		1B17614716A46265004010F6 /* CCBReader.cpp */ = {isa = PBXFileReference; fileEncoding = 4; lastKnownFileType = sourcecode.cpp.cpp; path = CCBReader.cpp; sourceTree = "<group>"; };
		1B17614816A46265004010F6 /* CCBReader.h */ = {isa = PBXFileReference; fileEncoding = 4; lastKnownFileType = sourcecode.c.h; path = CCBReader.h; sourceTree = "<group>"; };
		1B17614916A46265004010F6 /* CCBSelectorResolver.h */ = {isa = PBXFileReference; fileEncoding = 4; lastKnownFileType = sourcecode.c.h; path = CCBSelectorResolver.h; sourceTree = "<group>"; };
		1B17614A16A46265004010F6 /* CCBSequence.cpp */ = {isa = PBXFileReference; fileEncoding = 4; lastKnownFileType = sourcecode.cpp.cpp; path = CCBSequence.cpp; sourceTree = "<group>"; };
		1B17614B16A46265004010F6 /* CCBSequence.h */ = {isa = PBXFileReference; fileEncoding = 4; lastKnownFileType = sourcecode.c.h; path = CCBSequence.h; sourceTree = "<group>"; };
		1B17614C16A46265004010F6 /* CCBSequenceProperty.cpp */ = {isa = PBXFileReference; fileEncoding = 4; lastKnownFileType = sourcecode.cpp.cpp; path = CCBSequenceProperty.cpp; sourceTree = "<group>"; };
		1B17614D16A46265004010F6 /* CCBSequenceProperty.h */ = {isa = PBXFileReference; fileEncoding = 4; lastKnownFileType = sourcecode.c.h; path = CCBSequenceProperty.h; sourceTree = "<group>"; };
		1B17614E16A46265004010F6 /* CCBValue.cpp */ = {isa = PBXFileReference; fileEncoding = 4; lastKnownFileType = sourcecode.cpp.cpp; path = CCBValue.cpp; sourceTree = "<group>"; };
		1B17614F16A46265004010F6 /* CCBValue.h */ = {isa = PBXFileReference; fileEncoding = 4; lastKnownFileType = sourcecode.c.h; path = CCBValue.h; sourceTree = "<group>"; };
		1B17615016A46265004010F6 /* CCControlButtonLoader.cpp */ = {isa = PBXFileReference; fileEncoding = 4; lastKnownFileType = sourcecode.cpp.cpp; path = CCControlButtonLoader.cpp; sourceTree = "<group>"; };
		1B17615116A46265004010F6 /* CCControlButtonLoader.h */ = {isa = PBXFileReference; fileEncoding = 4; lastKnownFileType = sourcecode.c.h; path = CCControlButtonLoader.h; sourceTree = "<group>"; };
		1B17615216A46265004010F6 /* CCControlLoader.cpp */ = {isa = PBXFileReference; fileEncoding = 4; lastKnownFileType = sourcecode.cpp.cpp; path = CCControlLoader.cpp; sourceTree = "<group>"; };
		1B17615316A46265004010F6 /* CCControlLoader.h */ = {isa = PBXFileReference; fileEncoding = 4; lastKnownFileType = sourcecode.c.h; path = CCControlLoader.h; sourceTree = "<group>"; };
		1B17615416A46265004010F6 /* CCData.cpp */ = {isa = PBXFileReference; fileEncoding = 4; lastKnownFileType = sourcecode.cpp.cpp; path = CCData.cpp; sourceTree = "<group>"; };
		1B17615516A46265004010F6 /* CCData.h */ = {isa = PBXFileReference; fileEncoding = 4; lastKnownFileType = sourcecode.c.h; path = CCData.h; sourceTree = "<group>"; };
		1B17615616A46265004010F6 /* CCLabelBMFontLoader.cpp */ = {isa = PBXFileReference; fileEncoding = 4; lastKnownFileType = sourcecode.cpp.cpp; path = CCLabelBMFontLoader.cpp; sourceTree = "<group>"; };
		1B17615716A46265004010F6 /* CCLabelBMFontLoader.h */ = {isa = PBXFileReference; fileEncoding = 4; lastKnownFileType = sourcecode.c.h; path = CCLabelBMFontLoader.h; sourceTree = "<group>"; };
		1B17615816A46265004010F6 /* CCLabelTTFLoader.cpp */ = {isa = PBXFileReference; fileEncoding = 4; lastKnownFileType = sourcecode.cpp.cpp; path = CCLabelTTFLoader.cpp; sourceTree = "<group>"; };
		1B17615916A46265004010F6 /* CCLabelTTFLoader.h */ = {isa = PBXFileReference; fileEncoding = 4; lastKnownFileType = sourcecode.c.h; path = CCLabelTTFLoader.h; sourceTree = "<group>"; };
		1B17615A16A46265004010F6 /* CCLayerColorLoader.cpp */ = {isa = PBXFileReference; fileEncoding = 4; lastKnownFileType = sourcecode.cpp.cpp; path = CCLayerColorLoader.cpp; sourceTree = "<group>"; };
		1B17615B16A46265004010F6 /* CCLayerColorLoader.h */ = {isa = PBXFileReference; fileEncoding = 4; lastKnownFileType = sourcecode.c.h; path = CCLayerColorLoader.h; sourceTree = "<group>"; };
		1B17615C16A46265004010F6 /* CCLayerGradientLoader.cpp */ = {isa = PBXFileReference; fileEncoding = 4; lastKnownFileType = sourcecode.cpp.cpp; path = CCLayerGradientLoader.cpp; sourceTree = "<group>"; };
		1B17615D16A46265004010F6 /* CCLayerGradientLoader.h */ = {isa = PBXFileReference; fileEncoding = 4; lastKnownFileType = sourcecode.c.h; path = CCLayerGradientLoader.h; sourceTree = "<group>"; };
		1B17615E16A46265004010F6 /* CCLayerLoader.cpp */ = {isa = PBXFileReference; fileEncoding = 4; lastKnownFileType = sourcecode.cpp.cpp; path = CCLayerLoader.cpp; sourceTree = "<group>"; };
		1B17615F16A46265004010F6 /* CCLayerLoader.h */ = {isa = PBXFileReference; fileEncoding = 4; lastKnownFileType = sourcecode.c.h; path = CCLayerLoader.h; sourceTree = "<group>"; };
		1B17616016A46265004010F6 /* CCMenuItemImageLoader.cpp */ = {isa = PBXFileReference; fileEncoding = 4; lastKnownFileType = sourcecode.cpp.cpp; path = CCMenuItemImageLoader.cpp; sourceTree = "<group>"; };
		1B17616116A46265004010F6 /* CCMenuItemImageLoader.h */ = {isa = PBXFileReference; fileEncoding = 4; lastKnownFileType = sourcecode.c.h; path = CCMenuItemImageLoader.h; sourceTree = "<group>"; };
		1B17616216A46265004010F6 /* CCMenuItemLoader.cpp */ = {isa = PBXFileReference; fileEncoding = 4; lastKnownFileType = sourcecode.cpp.cpp; path = CCMenuItemLoader.cpp; sourceTree = "<group>"; };
		1B17616316A46265004010F6 /* CCMenuItemLoader.h */ = {isa = PBXFileReference; fileEncoding = 4; lastKnownFileType = sourcecode.c.h; path = CCMenuItemLoader.h; sourceTree = "<group>"; };
		1B17616416A46265004010F6 /* CCMenuLoader.h */ = {isa = PBXFileReference; fileEncoding = 4; lastKnownFileType = sourcecode.c.h; path = CCMenuLoader.h; sourceTree = "<group>"; };
		1B17616516A46265004010F6 /* CCNode+CCBRelativePositioning.cpp */ = {isa = PBXFileReference; fileEncoding = 4; lastKnownFileType = sourcecode.cpp.cpp; path = "CCNode+CCBRelativePositioning.cpp"; sourceTree = "<group>"; };
		1B17616616A46265004010F6 /* CCNode+CCBRelativePositioning.h */ = {isa = PBXFileReference; fileEncoding = 4; lastKnownFileType = sourcecode.c.h; path = "CCNode+CCBRelativePositioning.h"; sourceTree = "<group>"; };
		1B17616716A46265004010F6 /* CCNodeLoader.cpp */ = {isa = PBXFileReference; fileEncoding = 4; lastKnownFileType = sourcecode.cpp.cpp; path = CCNodeLoader.cpp; sourceTree = "<group>"; };
		1B17616816A46265004010F6 /* CCNodeLoader.h */ = {isa = PBXFileReference; fileEncoding = 4; lastKnownFileType = sourcecode.c.h; path = CCNodeLoader.h; sourceTree = "<group>"; };
		1B17616916A46265004010F6 /* CCNodeLoaderLibrary.cpp */ = {isa = PBXFileReference; fileEncoding = 4; lastKnownFileType = sourcecode.cpp.cpp; path = CCNodeLoaderLibrary.cpp; sourceTree = "<group>"; };
		1B17616A16A46265004010F6 /* CCNodeLoaderLibrary.h */ = {isa = PBXFileReference; fileEncoding = 4; lastKnownFileType = sourcecode.c.h; path = CCNodeLoaderLibrary.h; sourceTree = "<group>"; };
		1B17616B16A46265004010F6 /* CCNodeLoaderListener.h */ = {isa = PBXFileReference; fileEncoding = 4; lastKnownFileType = sourcecode.c.h; path = CCNodeLoaderListener.h; sourceTree = "<group>"; };
		1B17616C16A46265004010F6 /* CCParticleSystemQuadLoader.cpp */ = {isa = PBXFileReference; fileEncoding = 4; lastKnownFileType = sourcecode.cpp.cpp; path = CCParticleSystemQuadLoader.cpp; sourceTree = "<group>"; };
		1B17616D16A46265004010F6 /* CCParticleSystemQuadLoader.h */ = {isa = PBXFileReference; fileEncoding = 4; lastKnownFileType = sourcecode.c.h; path = CCParticleSystemQuadLoader.h; sourceTree = "<group>"; };
		1B17616E16A46265004010F6 /* CCScale9SpriteLoader.cpp */ = {isa = PBXFileReference; fileEncoding = 4; lastKnownFileType = sourcecode.cpp.cpp; path = CCScale9SpriteLoader.cpp; sourceTree = "<group>"; };
		1B17616F16A46265004010F6 /* CCScale9SpriteLoader.h */ = {isa = PBXFileReference; fileEncoding = 4; lastKnownFileType = sourcecode.c.h; path = CCScale9SpriteLoader.h; sourceTree = "<group>"; };
		1B17617016A46265004010F6 /* CCScrollViewLoader.cpp */ = {isa = PBXFileReference; fileEncoding = 4; lastKnownFileType = sourcecode.cpp.cpp; path = CCScrollViewLoader.cpp; sourceTree = "<group>"; };
		1B17617116A46265004010F6 /* CCScrollViewLoader.h */ = {isa = PBXFileReference; fileEncoding = 4; lastKnownFileType = sourcecode.c.h; path = CCScrollViewLoader.h; sourceTree = "<group>"; };
		1B17617216A46265004010F6 /* CCSpriteLoader.cpp */ = {isa = PBXFileReference; fileEncoding = 4; lastKnownFileType = sourcecode.cpp.cpp; path = CCSpriteLoader.cpp; sourceTree = "<group>"; };
		1B17617316A46265004010F6 /* CCSpriteLoader.h */ = {isa = PBXFileReference; fileEncoding = 4; lastKnownFileType = sourcecode.c.h; path = CCSpriteLoader.h; sourceTree = "<group>"; };
		1B17617416A46265004010F6 /* cocos-ext.h */ = {isa = PBXFileReference; fileEncoding = 4; lastKnownFileType = sourcecode.c.h; path = "cocos-ext.h"; sourceTree = "<group>"; };
		1B17617516A46265004010F6 /* ExtensionMacros.h */ = {isa = PBXFileReference; fileEncoding = 4; lastKnownFileType = sourcecode.c.h; path = ExtensionMacros.h; sourceTree = "<group>"; };
		1B17617816A46265004010F6 /* CCControl.cpp */ = {isa = PBXFileReference; fileEncoding = 4; lastKnownFileType = sourcecode.cpp.cpp; path = CCControl.cpp; sourceTree = "<group>"; };
		1B17617916A46265004010F6 /* CCControl.h */ = {isa = PBXFileReference; fileEncoding = 4; lastKnownFileType = sourcecode.c.h; path = CCControl.h; sourceTree = "<group>"; };
		1B17617A16A46265004010F6 /* CCControlButton.cpp */ = {isa = PBXFileReference; fileEncoding = 4; lastKnownFileType = sourcecode.cpp.cpp; path = CCControlButton.cpp; sourceTree = "<group>"; };
		1B17617B16A46265004010F6 /* CCControlButton.h */ = {isa = PBXFileReference; fileEncoding = 4; lastKnownFileType = sourcecode.c.h; path = CCControlButton.h; sourceTree = "<group>"; };
		1B17617C16A46265004010F6 /* CCControlColourPicker.cpp */ = {isa = PBXFileReference; fileEncoding = 4; lastKnownFileType = sourcecode.cpp.cpp; path = CCControlColourPicker.cpp; sourceTree = "<group>"; };
		1B17617D16A46265004010F6 /* CCControlColourPicker.h */ = {isa = PBXFileReference; fileEncoding = 4; lastKnownFileType = sourcecode.c.h; path = CCControlColourPicker.h; sourceTree = "<group>"; };
		1B17617E16A46265004010F6 /* CCControlExtensions.h */ = {isa = PBXFileReference; fileEncoding = 4; lastKnownFileType = sourcecode.c.h; path = CCControlExtensions.h; sourceTree = "<group>"; };
		1B17617F16A46265004010F6 /* CCControlHuePicker.cpp */ = {isa = PBXFileReference; fileEncoding = 4; lastKnownFileType = sourcecode.cpp.cpp; path = CCControlHuePicker.cpp; sourceTree = "<group>"; };
		1B17618016A46265004010F6 /* CCControlHuePicker.h */ = {isa = PBXFileReference; fileEncoding = 4; lastKnownFileType = sourcecode.c.h; path = CCControlHuePicker.h; sourceTree = "<group>"; };
		1B17618116A46265004010F6 /* CCControlPotentiometer.cpp */ = {isa = PBXFileReference; fileEncoding = 4; lastKnownFileType = sourcecode.cpp.cpp; path = CCControlPotentiometer.cpp; sourceTree = "<group>"; };
		1B17618216A46265004010F6 /* CCControlPotentiometer.h */ = {isa = PBXFileReference; fileEncoding = 4; lastKnownFileType = sourcecode.c.h; path = CCControlPotentiometer.h; sourceTree = "<group>"; };
		1B17618316A46265004010F6 /* CCControlSaturationBrightnessPicker.cpp */ = {isa = PBXFileReference; fileEncoding = 4; lastKnownFileType = sourcecode.cpp.cpp; path = CCControlSaturationBrightnessPicker.cpp; sourceTree = "<group>"; };
		1B17618416A46265004010F6 /* CCControlSaturationBrightnessPicker.h */ = {isa = PBXFileReference; fileEncoding = 4; lastKnownFileType = sourcecode.c.h; path = CCControlSaturationBrightnessPicker.h; sourceTree = "<group>"; };
		1B17618516A46265004010F6 /* CCControlSlider.cpp */ = {isa = PBXFileReference; fileEncoding = 4; lastKnownFileType = sourcecode.cpp.cpp; path = CCControlSlider.cpp; sourceTree = "<group>"; };
		1B17618616A46265004010F6 /* CCControlSlider.h */ = {isa = PBXFileReference; fileEncoding = 4; lastKnownFileType = sourcecode.c.h; path = CCControlSlider.h; sourceTree = "<group>"; };
		1B17618716A46265004010F6 /* CCControlStepper.cpp */ = {isa = PBXFileReference; fileEncoding = 4; lastKnownFileType = sourcecode.cpp.cpp; path = CCControlStepper.cpp; sourceTree = "<group>"; };
		1B17618816A46265004010F6 /* CCControlStepper.h */ = {isa = PBXFileReference; fileEncoding = 4; lastKnownFileType = sourcecode.c.h; path = CCControlStepper.h; sourceTree = "<group>"; };
		1B17618916A46265004010F6 /* CCControlSwitch.cpp */ = {isa = PBXFileReference; fileEncoding = 4; lastKnownFileType = sourcecode.cpp.cpp; path = CCControlSwitch.cpp; sourceTree = "<group>"; };
		1B17618A16A46265004010F6 /* CCControlSwitch.h */ = {isa = PBXFileReference; fileEncoding = 4; lastKnownFileType = sourcecode.c.h; path = CCControlSwitch.h; sourceTree = "<group>"; };
		1B17618B16A46265004010F6 /* CCControlUtils.cpp */ = {isa = PBXFileReference; fileEncoding = 4; lastKnownFileType = sourcecode.cpp.cpp; path = CCControlUtils.cpp; sourceTree = "<group>"; };
		1B17618C16A46265004010F6 /* CCControlUtils.h */ = {isa = PBXFileReference; fileEncoding = 4; lastKnownFileType = sourcecode.c.h; path = CCControlUtils.h; sourceTree = "<group>"; };
		1B17618D16A46265004010F6 /* CCInvocation.cpp */ = {isa = PBXFileReference; fileEncoding = 4; lastKnownFileType = sourcecode.cpp.cpp; path = CCInvocation.cpp; sourceTree = "<group>"; };
		1B17618E16A46265004010F6 /* CCInvocation.h */ = {isa = PBXFileReference; fileEncoding = 4; lastKnownFileType = sourcecode.c.h; path = CCInvocation.h; sourceTree = "<group>"; };
		1B17618F16A46265004010F6 /* CCScale9Sprite.cpp */ = {isa = PBXFileReference; fileEncoding = 4; lastKnownFileType = sourcecode.cpp.cpp; path = CCScale9Sprite.cpp; sourceTree = "<group>"; };
		1B17619016A46265004010F6 /* CCScale9Sprite.h */ = {isa = PBXFileReference; fileEncoding = 4; lastKnownFileType = sourcecode.c.h; path = CCScale9Sprite.h; sourceTree = "<group>"; };
		1B17619216A46265004010F6 /* CCEditBox.cpp */ = {isa = PBXFileReference; fileEncoding = 4; lastKnownFileType = sourcecode.cpp.cpp; path = CCEditBox.cpp; sourceTree = "<group>"; };
		1B17619316A46265004010F6 /* CCEditBox.h */ = {isa = PBXFileReference; fileEncoding = 4; lastKnownFileType = sourcecode.c.h; path = CCEditBox.h; sourceTree = "<group>"; };
		1B17619416A46265004010F6 /* CCEditBoxImpl.h */ = {isa = PBXFileReference; fileEncoding = 4; lastKnownFileType = sourcecode.c.h; path = CCEditBoxImpl.h; sourceTree = "<group>"; };
		1B17619716A46265004010F6 /* CCEditBoxImplIOS.h */ = {isa = PBXFileReference; fileEncoding = 4; lastKnownFileType = sourcecode.c.h; path = CCEditBoxImplIOS.h; sourceTree = "<group>"; };
		1B17619816A46265004010F6 /* CCEditBoxImplIOS.mm */ = {isa = PBXFileReference; fileEncoding = 4; lastKnownFileType = sourcecode.cpp.objcpp; path = CCEditBoxImplIOS.mm; sourceTree = "<group>"; };
		1B17619916A46265004010F6 /* EditBoxImplIOS.h */ = {isa = PBXFileReference; fileEncoding = 4; lastKnownFileType = sourcecode.c.h; path = EditBoxImplIOS.h; sourceTree = "<group>"; };
		1B17619A16A46265004010F6 /* EditBoxImplIOS.mm */ = {isa = PBXFileReference; fileEncoding = 4; lastKnownFileType = sourcecode.cpp.objcpp; path = EditBoxImplIOS.mm; sourceTree = "<group>"; };
		1B17619C16A46265004010F6 /* CCScrollView.cpp */ = {isa = PBXFileReference; fileEncoding = 4; lastKnownFileType = sourcecode.cpp.cpp; path = CCScrollView.cpp; sourceTree = "<group>"; };
		1B17619D16A46265004010F6 /* CCScrollView.h */ = {isa = PBXFileReference; fileEncoding = 4; lastKnownFileType = sourcecode.c.h; path = CCScrollView.h; sourceTree = "<group>"; };
		1B17619E16A46265004010F6 /* CCSorting.cpp */ = {isa = PBXFileReference; fileEncoding = 4; lastKnownFileType = sourcecode.cpp.cpp; path = CCSorting.cpp; sourceTree = "<group>"; };
		1B17619F16A46265004010F6 /* CCSorting.h */ = {isa = PBXFileReference; fileEncoding = 4; lastKnownFileType = sourcecode.c.h; path = CCSorting.h; sourceTree = "<group>"; };
		1B1761A016A46265004010F6 /* CCTableView.cpp */ = {isa = PBXFileReference; fileEncoding = 4; lastKnownFileType = sourcecode.cpp.cpp; path = CCTableView.cpp; sourceTree = "<group>"; };
		1B1761A116A46265004010F6 /* CCTableView.h */ = {isa = PBXFileReference; fileEncoding = 4; lastKnownFileType = sourcecode.c.h; path = CCTableView.h; sourceTree = "<group>"; };
		1B1761A216A46265004010F6 /* CCTableViewCell.cpp */ = {isa = PBXFileReference; fileEncoding = 4; lastKnownFileType = sourcecode.cpp.cpp; path = CCTableViewCell.cpp; sourceTree = "<group>"; };
		1B1761A316A46265004010F6 /* CCTableViewCell.h */ = {isa = PBXFileReference; fileEncoding = 4; lastKnownFileType = sourcecode.c.h; path = CCTableViewCell.h; sourceTree = "<group>"; };
		1B1761A516A46265004010F6 /* HttpClient.cpp */ = {isa = PBXFileReference; fileEncoding = 4; lastKnownFileType = sourcecode.cpp.cpp; path = HttpClient.cpp; sourceTree = "<group>"; };
		1B1761A616A46265004010F6 /* HttpClient.h */ = {isa = PBXFileReference; fileEncoding = 4; lastKnownFileType = sourcecode.c.h; path = HttpClient.h; sourceTree = "<group>"; };
		1B1761A716A46265004010F6 /* HttpRequest.h */ = {isa = PBXFileReference; fileEncoding = 4; lastKnownFileType = sourcecode.c.h; path = HttpRequest.h; sourceTree = "<group>"; };
		1B1761A816A46265004010F6 /* HttpResponse.h */ = {isa = PBXFileReference; fileEncoding = 4; lastKnownFileType = sourcecode.c.h; path = HttpResponse.h; sourceTree = "<group>"; };
		1B1761E516A46392004010F6 /* libcurl.a */ = {isa = PBXFileReference; lastKnownFileType = archive.ar; name = libcurl.a; path = ../../cocos2dx/platform/third_party/ios/libraries/libcurl.a; sourceTree = "<group>"; };
		1B1762E216A72E2E004010F6 /* CocosUnitTestResultPrinter.cpp */ = {isa = PBXFileReference; fileEncoding = 4; lastKnownFileType = sourcecode.cpp.cpp; name = CocosUnitTestResultPrinter.cpp; path = ../Tests/CocosUnitTestResultPrinter.cpp; sourceTree = "<group>"; };
		1B1762E316A72E2E004010F6 /* CocosUnitTestResultPrinter.h */ = {isa = PBXFileReference; fileEncoding = 4; lastKnownFileType = sourcecode.c.h; name = CocosUnitTestResultPrinter.h; path = ../Tests/CocosUnitTestResultPrinter.h; sourceTree = "<group>"; };
		1B5906A8169E152800DC668C /* LevireTemplateTests.app */ = {isa = PBXFileReference; explicitFileType = wrapper.application; includeInIndex = 0; path = LevireTemplateTests.app; sourceTree = BUILT_PRODUCTS_DIR; };
		1B5906AA169E152900DC668C /* LevireTemplateTests-Info.plist */ = {isa = PBXFileReference; lastKnownFileType = text.plist.xml; name = "LevireTemplateTests-Info.plist"; path = "/Users/kie/Projekte/MetaProject/MetaProject/project/proj.ios/LevireTemplateTests-Info.plist"; sourceTree = "<absolute>"; };
		1B5906AB169E172200DC668C /* LevireTemplate-Info.plist */ = {isa = PBXFileReference; fileEncoding = 4; lastKnownFileType = text.plist.xml; path = "LevireTemplate-Info.plist"; sourceTree = "<group>"; };
		1B5906AE169E199400DC668C /* SampleTest.cpp */ = {isa = PBXFileReference; fileEncoding = 4; lastKnownFileType = sourcecode.cpp.cpp; name = SampleTest.cpp; path = ../Tests/SampleTest.cpp; sourceTree = "<group>"; };
		1B5906E7169E29CE00DC668C /* gtest-ios.xcodeproj */ = {isa = PBXFileReference; lastKnownFileType = "wrapper.pb-project"; name = "gtest-ios.xcodeproj"; path = "../../gmock/gtest/xcode/gtest-ios.xcodeproj"; sourceTree = "<group>"; };
		1B590714169E352600DC668C /* AppDelegate.cpp */ = {isa = PBXFileReference; fileEncoding = 4; lastKnownFileType = sourcecode.cpp.cpp; name = AppDelegate.cpp; path = ../Tests/AppDelegate.cpp; sourceTree = "<group>"; };
		1B590715169E352600DC668C /* AppDelegate.h */ = {isa = PBXFileReference; fileEncoding = 4; lastKnownFileType = sourcecode.c.h; name = AppDelegate.h; path = ../Tests/AppDelegate.h; sourceTree = "<group>"; };
		1B590717169E352600DC668C /* TestRunnerScene.cpp */ = {isa = PBXFileReference; fileEncoding = 4; lastKnownFileType = sourcecode.cpp.cpp; name = TestRunnerScene.cpp; path = ../Tests/TestRunnerScene.cpp; sourceTree = "<group>"; };
		1B590718169E352600DC668C /* TestRunnerScene.h */ = {isa = PBXFileReference; fileEncoding = 4; lastKnownFileType = sourcecode.c.h; name = TestRunnerScene.h; path = ../Tests/TestRunnerScene.h; sourceTree = "<group>"; };
		1D30AB110D05D00D00671497 /* Foundation.framework */ = {isa = PBXFileReference; lastKnownFileType = wrapper.framework; name = Foundation.framework; path = System/Library/Frameworks/Foundation.framework; sourceTree = SDKROOT; };
		1D6058910D05DD3D006BFB54 /* LevireTemplate.app */ = {isa = PBXFileReference; explicitFileType = wrapper.application; includeInIndex = 0; path = LevireTemplate.app; sourceTree = BUILT_PRODUCTS_DIR; };
		1DF5F4DF0D08C38300B7A737 /* UIKit.framework */ = {isa = PBXFileReference; lastKnownFileType = wrapper.framework; name = UIKit.framework; path = System/Library/Frameworks/UIKit.framework; sourceTree = SDKROOT; };
		288765A40DF7441C002DB57D /* CoreGraphics.framework */ = {isa = PBXFileReference; lastKnownFileType = wrapper.framework; name = CoreGraphics.framework; path = System/Library/Frameworks/CoreGraphics.framework; sourceTree = SDKROOT; };
		781C33B11547F06B00633F88 /* OpenAL.framework */ = {isa = PBXFileReference; lastKnownFileType = wrapper.framework; name = OpenAL.framework; path = System/Library/Frameworks/OpenAL.framework; sourceTree = SDKROOT; };
		781C33B31547F06B00633F88 /* AudioToolbox.framework */ = {isa = PBXFileReference; lastKnownFileType = wrapper.framework; name = AudioToolbox.framework; path = System/Library/Frameworks/AudioToolbox.framework; sourceTree = SDKROOT; };
		781C33B51547F06B00633F88 /* AVFoundation.framework */ = {isa = PBXFileReference; lastKnownFileType = wrapper.framework; name = AVFoundation.framework; path = System/Library/Frameworks/AVFoundation.framework; sourceTree = SDKROOT; };
		79E025AF169B6F8A00B2E3C3 /* cocos2dx.xcodeproj */ = {isa = PBXFileReference; lastKnownFileType = "wrapper.pb-project"; name = cocos2dx.xcodeproj; path = ../../cocos2dx/proj.ios/cocos2dx.xcodeproj; sourceTree = "<group>"; };
		BF137426128A8E4600D9F789 /* QuartzCore.framework */ = {isa = PBXFileReference; lastKnownFileType = wrapper.framework; name = QuartzCore.framework; path = System/Library/Frameworks/QuartzCore.framework; sourceTree = SDKROOT; };
		BF23D4E3143315EB00657E08 /* AppDelegate.cpp */ = {isa = PBXFileReference; fileEncoding = 4; lastKnownFileType = sourcecode.cpp.cpp; path = AppDelegate.cpp; sourceTree = "<group>"; };
		BF23D4E4143315EB00657E08 /* AppDelegate.h */ = {isa = PBXFileReference; fileEncoding = 4; lastKnownFileType = sourcecode.c.h; path = AppDelegate.h; sourceTree = "<group>"; };
		BF23D4E5143315EB00657E08 /* HelloWorldScene.cpp */ = {isa = PBXFileReference; fileEncoding = 4; lastKnownFileType = sourcecode.cpp.cpp; path = HelloWorldScene.cpp; sourceTree = "<group>"; };
		BF23D4E6143315EB00657E08 /* HelloWorldScene.h */ = {isa = PBXFileReference; fileEncoding = 4; lastKnownFileType = sourcecode.c.h; path = HelloWorldScene.h; sourceTree = "<group>"; };
		BF365AA612A103F70050DCF4 /* AppController.h */ = {isa = PBXFileReference; fileEncoding = 4; lastKnownFileType = sourcecode.c.h; path = AppController.h; sourceTree = "<group>"; };
		BF365AA712A103F70050DCF4 /* AppController.mm */ = {isa = PBXFileReference; fileEncoding = 4; lastKnownFileType = sourcecode.cpp.objcpp; path = AppController.mm; sourceTree = "<group>"; };
		BF492B6912891AC600A09262 /* libz.dylib */ = {isa = PBXFileReference; lastKnownFileType = "compiled.mach-o.dylib"; name = libz.dylib; path = usr/lib/libz.dylib; sourceTree = SDKROOT; };
		BF492C21128924A800A09262 /* libxml2.dylib */ = {isa = PBXFileReference; lastKnownFileType = "compiled.mach-o.dylib"; name = libxml2.dylib; path = usr/lib/libxml2.dylib; sourceTree = SDKROOT; };
		BF492D4B1289302400A09262 /* OpenGLES.framework */ = {isa = PBXFileReference; lastKnownFileType = wrapper.framework; name = OpenGLES.framework; path = System/Library/Frameworks/OpenGLES.framework; sourceTree = SDKROOT; };
		BF4DE6AB138BB89600CF907D /* RootViewController.h */ = {isa = PBXFileReference; fileEncoding = 4; lastKnownFileType = sourcecode.c.h; path = RootViewController.h; sourceTree = "<group>"; };
		BF4DE6AC138BB89600CF907D /* RootViewController.mm */ = {isa = PBXFileReference; fileEncoding = 4; lastKnownFileType = sourcecode.cpp.objcpp; path = RootViewController.mm; sourceTree = "<group>"; };
		D446FD78161028E9000ADA7B /* Default.png */ = {isa = PBXFileReference; lastKnownFileType = image.png; name = Default.png; path = ../proj.ios/Default.png; sourceTree = "<group>"; };
		D446FD7A161028ED000ADA7B /* Default@2x.png */ = {isa = PBXFileReference; lastKnownFileType = image.png; name = "Default@2x.png"; path = "../proj.ios/Default@2x.png"; sourceTree = "<group>"; };
		D446FD7C161028F4000ADA7B /* Default-568h@2x.png */ = {isa = PBXFileReference; lastKnownFileType = image.png; name = "Default-568h@2x.png"; path = "../proj.ios/Default-568h@2x.png"; sourceTree = "<group>"; };
		D4ABB4B213B4395300552E6E /* main.m */ = {isa = PBXFileReference; fileEncoding = 4; lastKnownFileType = sourcecode.c.objc; path = main.m; sourceTree = "<group>"; };
		D4EF94E715BD319200D803EB /* Icon-57.png */ = {isa = PBXFileReference; lastKnownFileType = image.png; name = "Icon-57.png"; path = "../proj.ios/Icon-57.png"; sourceTree = "<group>"; };
		D4EF94E915BD319500D803EB /* Icon-114.png */ = {isa = PBXFileReference; lastKnownFileType = image.png; name = "Icon-114.png"; path = "../proj.ios/Icon-114.png"; sourceTree = "<group>"; };
		D4EF94EB15BD319B00D803EB /* Icon-72.png */ = {isa = PBXFileReference; lastKnownFileType = image.png; name = "Icon-72.png"; path = "../proj.ios/Icon-72.png"; sourceTree = "<group>"; };
		D4EF94ED15BD319D00D803EB /* Icon-144.png */ = {isa = PBXFileReference; lastKnownFileType = image.png; name = "Icon-144.png"; path = "../proj.ios/Icon-144.png"; sourceTree = "<group>"; };
/* End PBXFileReference section */

/* Begin PBXFrameworksBuildPhase section */
		1B59069C169E152800DC668C /* Frameworks */ = {
			isa = PBXFrameworksBuildPhase;
			buildActionMask = 2147483647;
			files = (
				1B590713169E2F5500DC668C /* libcocos2dx.a in Frameworks */,
				1B17635E16A84698004010F6 /* libgtest.a in Frameworks */,
				1B1761FF16A465A6004010F6 /* libcurl.a in Frameworks */,
				1B59069E169E152800DC668C /* Foundation.framework in Frameworks */,
				1B59069F169E152800DC668C /* UIKit.framework in Frameworks */,
				1B5906A0169E152800DC668C /* CoreGraphics.framework in Frameworks */,
				1B5906A1169E152800DC668C /* OpenGLES.framework in Frameworks */,
				1B5906A2169E152800DC668C /* libxml2.dylib in Frameworks */,
				1B5906A3169E152800DC668C /* libz.dylib in Frameworks */,
				1B5906A4169E152800DC668C /* QuartzCore.framework in Frameworks */,
			);
			runOnlyForDeploymentPostprocessing = 0;
		};
		1D60588F0D05DD3D006BFB54 /* Frameworks */ = {
			isa = PBXFrameworksBuildPhase;
			buildActionMask = 2147483647;
			files = (
				1B1761E616A46392004010F6 /* libcurl.a in Frameworks */,
				79E025B8169B72C400B2E3C3 /* libcocos2dx.a in Frameworks */,
				1D60589F0D05DD5A006BFB54 /* Foundation.framework in Frameworks */,
				1DF5F4E00D08C38300B7A737 /* UIKit.framework in Frameworks */,
				288765A50DF7441C002DB57D /* CoreGraphics.framework in Frameworks */,
				BF1373EF128A898400D9F789 /* OpenGLES.framework in Frameworks */,
				BF1373F0128A899500D9F789 /* libxml2.dylib in Frameworks */,
				BF1373F1128A899E00D9F789 /* libz.dylib in Frameworks */,
				BF13742F128A8E6A00D9F789 /* QuartzCore.framework in Frameworks */,
			);
			runOnlyForDeploymentPostprocessing = 0;
		};
/* End PBXFrameworksBuildPhase section */

/* Begin PBXGroup section */
		19C28FACFE9D520D11CA2CBB /* Products */ = {
			isa = PBXGroup;
			children = (
				1D6058910D05DD3D006BFB54 /* LevireTemplate.app */,
				1B5906A8169E152800DC668C /* LevireTemplateTests.app */,
			);
			name = Products;
			sourceTree = "<group>";
		};
		1B17613D16A46265004010F6 /* extensions */ = {
			isa = PBXGroup;
			children = (
				1B17613F16A46265004010F6 /* CCBReader */,
				1B17617416A46265004010F6 /* cocos-ext.h */,
				1B17617516A46265004010F6 /* ExtensionMacros.h */,
				1B17617616A46265004010F6 /* GUI */,
				1B1761A416A46265004010F6 /* network */,
			);
			name = extensions;
			path = ../../extensions;
			sourceTree = "<group>";
		};
		1B17613F16A46265004010F6 /* CCBReader */ = {
			isa = PBXGroup;
			children = (
				1B17614016A46265004010F6 /* CCBAnimationManager.cpp */,
				1B17614116A46265004010F6 /* CCBAnimationManager.h */,
				1B17614216A46265004010F6 /* CCBFileLoader.cpp */,
				1B17614316A46265004010F6 /* CCBFileLoader.h */,
				1B17614416A46265004010F6 /* CCBKeyframe.cpp */,
				1B17614516A46265004010F6 /* CCBKeyframe.h */,
				1B17614616A46265004010F6 /* CCBMemberVariableAssigner.h */,
				1B17614716A46265004010F6 /* CCBReader.cpp */,
				1B17614816A46265004010F6 /* CCBReader.h */,
				1B17614916A46265004010F6 /* CCBSelectorResolver.h */,
				1B17614A16A46265004010F6 /* CCBSequence.cpp */,
				1B17614B16A46265004010F6 /* CCBSequence.h */,
				1B17614C16A46265004010F6 /* CCBSequenceProperty.cpp */,
				1B17614D16A46265004010F6 /* CCBSequenceProperty.h */,
				1B17614E16A46265004010F6 /* CCBValue.cpp */,
				1B17614F16A46265004010F6 /* CCBValue.h */,
				1B17615016A46265004010F6 /* CCControlButtonLoader.cpp */,
				1B17615116A46265004010F6 /* CCControlButtonLoader.h */,
				1B17615216A46265004010F6 /* CCControlLoader.cpp */,
				1B17615316A46265004010F6 /* CCControlLoader.h */,
				1B17615416A46265004010F6 /* CCData.cpp */,
				1B17615516A46265004010F6 /* CCData.h */,
				1B17615616A46265004010F6 /* CCLabelBMFontLoader.cpp */,
				1B17615716A46265004010F6 /* CCLabelBMFontLoader.h */,
				1B17615816A46265004010F6 /* CCLabelTTFLoader.cpp */,
				1B17615916A46265004010F6 /* CCLabelTTFLoader.h */,
				1B17615A16A46265004010F6 /* CCLayerColorLoader.cpp */,
				1B17615B16A46265004010F6 /* CCLayerColorLoader.h */,
				1B17615C16A46265004010F6 /* CCLayerGradientLoader.cpp */,
				1B17615D16A46265004010F6 /* CCLayerGradientLoader.h */,
				1B17615E16A46265004010F6 /* CCLayerLoader.cpp */,
				1B17615F16A46265004010F6 /* CCLayerLoader.h */,
				1B17616016A46265004010F6 /* CCMenuItemImageLoader.cpp */,
				1B17616116A46265004010F6 /* CCMenuItemImageLoader.h */,
				1B17616216A46265004010F6 /* CCMenuItemLoader.cpp */,
				1B17616316A46265004010F6 /* CCMenuItemLoader.h */,
				1B17616416A46265004010F6 /* CCMenuLoader.h */,
				1B17616516A46265004010F6 /* CCNode+CCBRelativePositioning.cpp */,
				1B17616616A46265004010F6 /* CCNode+CCBRelativePositioning.h */,
				1B17616716A46265004010F6 /* CCNodeLoader.cpp */,
				1B17616816A46265004010F6 /* CCNodeLoader.h */,
				1B17616916A46265004010F6 /* CCNodeLoaderLibrary.cpp */,
				1B17616A16A46265004010F6 /* CCNodeLoaderLibrary.h */,
				1B17616B16A46265004010F6 /* CCNodeLoaderListener.h */,
				1B17616C16A46265004010F6 /* CCParticleSystemQuadLoader.cpp */,
				1B17616D16A46265004010F6 /* CCParticleSystemQuadLoader.h */,
				1B17616E16A46265004010F6 /* CCScale9SpriteLoader.cpp */,
				1B17616F16A46265004010F6 /* CCScale9SpriteLoader.h */,
				1B17617016A46265004010F6 /* CCScrollViewLoader.cpp */,
				1B17617116A46265004010F6 /* CCScrollViewLoader.h */,
				1B17617216A46265004010F6 /* CCSpriteLoader.cpp */,
				1B17617316A46265004010F6 /* CCSpriteLoader.h */,
			);
			path = CCBReader;
			sourceTree = "<group>";
		};
		1B17617616A46265004010F6 /* GUI */ = {
			isa = PBXGroup;
			children = (
				1B17617716A46265004010F6 /* CCControlExtension */,
				1B17619116A46265004010F6 /* CCEditBox */,
				1B17619B16A46265004010F6 /* CCScrollView */,
			);
			path = GUI;
			sourceTree = "<group>";
		};
		1B17617716A46265004010F6 /* CCControlExtension */ = {
			isa = PBXGroup;
			children = (
				1B17617816A46265004010F6 /* CCControl.cpp */,
				1B17617916A46265004010F6 /* CCControl.h */,
				1B17617A16A46265004010F6 /* CCControlButton.cpp */,
				1B17617B16A46265004010F6 /* CCControlButton.h */,
				1B17617C16A46265004010F6 /* CCControlColourPicker.cpp */,
				1B17617D16A46265004010F6 /* CCControlColourPicker.h */,
				1B17617E16A46265004010F6 /* CCControlExtensions.h */,
				1B17617F16A46265004010F6 /* CCControlHuePicker.cpp */,
				1B17618016A46265004010F6 /* CCControlHuePicker.h */,
				1B17618116A46265004010F6 /* CCControlPotentiometer.cpp */,
				1B17618216A46265004010F6 /* CCControlPotentiometer.h */,
				1B17618316A46265004010F6 /* CCControlSaturationBrightnessPicker.cpp */,
				1B17618416A46265004010F6 /* CCControlSaturationBrightnessPicker.h */,
				1B17618516A46265004010F6 /* CCControlSlider.cpp */,
				1B17618616A46265004010F6 /* CCControlSlider.h */,
				1B17618716A46265004010F6 /* CCControlStepper.cpp */,
				1B17618816A46265004010F6 /* CCControlStepper.h */,
				1B17618916A46265004010F6 /* CCControlSwitch.cpp */,
				1B17618A16A46265004010F6 /* CCControlSwitch.h */,
				1B17618B16A46265004010F6 /* CCControlUtils.cpp */,
				1B17618C16A46265004010F6 /* CCControlUtils.h */,
				1B17618D16A46265004010F6 /* CCInvocation.cpp */,
				1B17618E16A46265004010F6 /* CCInvocation.h */,
				1B17618F16A46265004010F6 /* CCScale9Sprite.cpp */,
				1B17619016A46265004010F6 /* CCScale9Sprite.h */,
			);
			path = CCControlExtension;
			sourceTree = "<group>";
		};
		1B17619116A46265004010F6 /* CCEditBox */ = {
			isa = PBXGroup;
			children = (
				1B17619216A46265004010F6 /* CCEditBox.cpp */,
				1B17619316A46265004010F6 /* CCEditBox.h */,
				1B17619416A46265004010F6 /* CCEditBoxImpl.h */,
				1B17619716A46265004010F6 /* CCEditBoxImplIOS.h */,
				1B17619816A46265004010F6 /* CCEditBoxImplIOS.mm */,
				1B17619916A46265004010F6 /* EditBoxImplIOS.h */,
				1B17619A16A46265004010F6 /* EditBoxImplIOS.mm */,
			);
			path = CCEditBox;
			sourceTree = "<group>";
		};
		1B17619B16A46265004010F6 /* CCScrollView */ = {
			isa = PBXGroup;
			children = (
				1B17619C16A46265004010F6 /* CCScrollView.cpp */,
				1B17619D16A46265004010F6 /* CCScrollView.h */,
				1B17619E16A46265004010F6 /* CCSorting.cpp */,
				1B17619F16A46265004010F6 /* CCSorting.h */,
				1B1761A016A46265004010F6 /* CCTableView.cpp */,
				1B1761A116A46265004010F6 /* CCTableView.h */,
				1B1761A216A46265004010F6 /* CCTableViewCell.cpp */,
				1B1761A316A46265004010F6 /* CCTableViewCell.h */,
			);
			path = CCScrollView;
			sourceTree = "<group>";
		};
		1B1761A416A46265004010F6 /* network */ = {
			isa = PBXGroup;
			children = (
				1B1761A516A46265004010F6 /* HttpClient.cpp */,
				1B1761A616A46265004010F6 /* HttpClient.h */,
				1B1761A716A46265004010F6 /* HttpRequest.h */,
				1B1761A816A46265004010F6 /* HttpResponse.h */,
			);
			path = network;
			sourceTree = "<group>";
		};
		1B17634516A8467A004010F6 /* Products */ = {
			isa = PBXGroup;
			children = (
				1B17635116A8467A004010F6 /* gtest.framework */,
				1B17635316A8467A004010F6 /* libgtest.a */,
				1B17635516A8467A004010F6 /* libgtest_main.a */,
				1B17635716A8467A004010F6 /* gtest_unittest-framework */,
				1B17635916A8467A004010F6 /* gtest_unittest */,
				1B17635B16A8467A004010F6 /* sample1_unittest-framework */,
				1B17635D16A8467A004010F6 /* sample1_unittest-static */,
			);
			name = Products;
			sourceTree = "<group>";
		};
		1B5906AD169E18C900DC668C /* Tests */ = {
			isa = PBXGroup;
			children = (
				1B590714169E352600DC668C /* AppDelegate.cpp */,
				1B590715169E352600DC668C /* AppDelegate.h */,
				1B590717169E352600DC668C /* TestRunnerScene.cpp */,
				1B590718169E352600DC668C /* TestRunnerScene.h */,
				1B5906AE169E199400DC668C /* SampleTest.cpp */,
				1B1762E216A72E2E004010F6 /* CocosUnitTestResultPrinter.cpp */,
				1B1762E316A72E2E004010F6 /* CocosUnitTestResultPrinter.h */,
			);
			name = Tests;
			sourceTree = "<group>";
		};
		29B97314FDCFA39411CA2CEA /* CustomTemplate */ = {
			isa = PBXGroup;
			children = (
				79E025AF169B6F8A00B2E3C3 /* cocos2dx.xcodeproj */,
				1B5906E7169E29CE00DC668C /* gtest-ios.xcodeproj */,
				1B17613D16A46265004010F6 /* extensions */,
				BF23D4E2143315EB00657E08 /* Classes */,
				1B5906AD169E18C900DC668C /* Tests */,
				29B97323FDCFA39411CA2CEA /* Frameworks */,
				BF5681CC1313A84D0055EEAC /* ios */,
				19C28FACFE9D520D11CA2CBB /* Products */,
				784521C214EBA449009D533B /* Resources */,
			);
			name = CustomTemplate;
			sourceTree = "<group>";
		};
		29B97323FDCFA39411CA2CEA /* Frameworks */ = {
			isa = PBXGroup;
			children = (
				1B1761E516A46392004010F6 /* libcurl.a */,
				BF492B6912891AC600A09262 /* libz.dylib */,
				BF137426128A8E4600D9F789 /* QuartzCore.framework */,
				BF492D4B1289302400A09262 /* OpenGLES.framework */,
				BF492C21128924A800A09262 /* libxml2.dylib */,
				1DF5F4DF0D08C38300B7A737 /* UIKit.framework */,
				1D30AB110D05D00D00671497 /* Foundation.framework */,
				288765A40DF7441C002DB57D /* CoreGraphics.framework */,
				781C33B11547F06B00633F88 /* OpenAL.framework */,
				781C33B31547F06B00633F88 /* AudioToolbox.framework */,
				781C33B51547F06B00633F88 /* AVFoundation.framework */,
			);
			name = Frameworks;
			sourceTree = "<group>";
		};
		784521C214EBA449009D533B /* Resources */ = {
			isa = PBXGroup;
			children = (
				1A1CF3671626CEFF00AFC938 /* ipad */,
				1A1CF3681626CEFF00AFC938 /* ipadhd */,
				15003FA215D2601D00B6775A /* iphone */,
				D4EF94ED15BD319D00D803EB /* Icon-144.png */,
				D4EF94EB15BD319B00D803EB /* Icon-72.png */,
				D4EF94E915BD319500D803EB /* Icon-114.png */,
				D4EF94E715BD319200D803EB /* Icon-57.png */,
				D446FD7C161028F4000ADA7B /* Default-568h@2x.png */,
				D446FD7A161028ED000ADA7B /* Default@2x.png */,
				D446FD78161028E9000ADA7B /* Default.png */,
			);
			name = Resources;
			path = ../Resources;
			sourceTree = "<group>";
		};
		79E025B0169B6F8A00B2E3C3 /* Products */ = {
			isa = PBXGroup;
			children = (
				79E025B7169B6F8B00B2E3C3 /* libcocos2dx.a */,
			);
			name = Products;
			sourceTree = "<group>";
		};
		BF23D4E2143315EB00657E08 /* Classes */ = {
			isa = PBXGroup;
			children = (
				1A1CF3661626CB6000AFC938 /* AppMacros.h */,
				BF23D4E3143315EB00657E08 /* AppDelegate.cpp */,
				BF23D4E4143315EB00657E08 /* AppDelegate.h */,
				BF23D4E5143315EB00657E08 /* HelloWorldScene.cpp */,
				BF23D4E6143315EB00657E08 /* HelloWorldScene.h */,
			);
			name = Classes;
			path = ../Classes;
			sourceTree = SOURCE_ROOT;
		};
		BF5681CC1313A84D0055EEAC /* ios */ = {
			isa = PBXGroup;
			children = (
				1B5906AB169E172200DC668C /* LevireTemplate-Info.plist */,
				1B5906AA169E152900DC668C /* LevireTemplateTests-Info.plist */,
				D4ABB4B213B4395300552E6E /* main.m */,
				BF365AA612A103F70050DCF4 /* AppController.h */,
				BF365AA712A103F70050DCF4 /* AppController.mm */,
				BF4DE6AB138BB89600CF907D /* RootViewController.h */,
				BF4DE6AC138BB89600CF907D /* RootViewController.mm */,
			);
			name = ios;
			sourceTree = "<group>";
		};
/* End PBXGroup section */

/* Begin PBXNativeTarget section */
		1B59068A169E152800DC668C /* LevireTestsTemplate */ = {
			isa = PBXNativeTarget;
			buildConfigurationList = 1B5906A5169E152800DC668C /* Build configuration list for PBXNativeTarget "LevireTestsTemplate" */;
			buildPhases = (
				1B59068B169E152800DC668C /* Resources */,
				1B590696169E152800DC668C /* Sources */,
				1B59069C169E152800DC668C /* Frameworks */,
			);
			buildRules = (
			);
			dependencies = (
			);
			name = LevireTestsTemplate;
			productName = HelloWorld;
			productReference = 1B5906A8169E152800DC668C /* LevireTemplateTests.app */;
			productType = "com.apple.product-type.application";
		};
		1D6058900D05DD3D006BFB54 /* LevireTemplate */ = {
			isa = PBXNativeTarget;
			buildConfigurationList = 1D6058960D05DD3E006BFB54 /* Build configuration list for PBXNativeTarget "LevireTemplate" */;
			buildPhases = (
				1D60588D0D05DD3D006BFB54 /* Resources */,
				1D60588E0D05DD3D006BFB54 /* Sources */,
				1D60588F0D05DD3D006BFB54 /* Frameworks */,
			);
			buildRules = (
			);
			dependencies = (
			);
			name = LevireTemplate;
			productName = HelloWorld;
			productReference = 1D6058910D05DD3D006BFB54 /* LevireTemplate.app */;
			productType = "com.apple.product-type.application";
		};
/* End PBXNativeTarget section */

/* Begin PBXProject section */
		29B97313FDCFA39411CA2CEA /* Project object */ = {
			isa = PBXProject;
			attributes = {
				LastUpgradeCheck = 0450;
			};
			buildConfigurationList = C01FCF4E08A954540054247B /* Build configuration list for PBXProject "LevireTemplate" */;
			compatibilityVersion = "Xcode 3.2";
			developmentRegion = English;
			hasScannedForEncodings = 1;
			knownRegions = (
				English,
				Japanese,
				French,
				German,
			);
			mainGroup = 29B97314FDCFA39411CA2CEA /* CustomTemplate */;
			projectDirPath = "";
			projectReferences = (
				{
					ProductGroup = 79E025B0169B6F8A00B2E3C3 /* Products */;
					ProjectRef = 79E025AF169B6F8A00B2E3C3 /* cocos2dx.xcodeproj */;
				},
				{
					ProductGroup = 1B17634516A8467A004010F6 /* Products */;
					ProjectRef = 1B5906E7169E29CE00DC668C /* gtest-ios.xcodeproj */;
				},
			);
			projectRoot = "";
			targets = (
				1D6058900D05DD3D006BFB54 /* LevireTemplate */,
				1B59068A169E152800DC668C /* LevireTestsTemplate */,
			);
		};
/* End PBXProject section */

/* Begin PBXReferenceProxy section */
		1B17635116A8467A004010F6 /* gtest.framework */ = {
			isa = PBXReferenceProxy;
			fileType = wrapper.framework;
			path = gtest.framework;
			remoteRef = 1B17635016A8467A004010F6 /* PBXContainerItemProxy */;
			sourceTree = BUILT_PRODUCTS_DIR;
		};
		1B17635316A8467A004010F6 /* libgtest.a */ = {
			isa = PBXReferenceProxy;
			fileType = archive.ar;
			path = libgtest.a;
			remoteRef = 1B17635216A8467A004010F6 /* PBXContainerItemProxy */;
			sourceTree = BUILT_PRODUCTS_DIR;
		};
		1B17635516A8467A004010F6 /* libgtest_main.a */ = {
			isa = PBXReferenceProxy;
			fileType = archive.ar;
			path = libgtest_main.a;
			remoteRef = 1B17635416A8467A004010F6 /* PBXContainerItemProxy */;
			sourceTree = BUILT_PRODUCTS_DIR;
		};
		1B17635716A8467A004010F6 /* gtest_unittest-framework */ = {
			isa = PBXReferenceProxy;
			fileType = "compiled.mach-o.executable";
			path = "gtest_unittest-framework";
			remoteRef = 1B17635616A8467A004010F6 /* PBXContainerItemProxy */;
			sourceTree = BUILT_PRODUCTS_DIR;
		};
		1B17635916A8467A004010F6 /* gtest_unittest */ = {
			isa = PBXReferenceProxy;
			fileType = "compiled.mach-o.executable";
			path = gtest_unittest;
			remoteRef = 1B17635816A8467A004010F6 /* PBXContainerItemProxy */;
			sourceTree = BUILT_PRODUCTS_DIR;
		};
		1B17635B16A8467A004010F6 /* sample1_unittest-framework */ = {
			isa = PBXReferenceProxy;
			fileType = "compiled.mach-o.executable";
			path = "sample1_unittest-framework";
			remoteRef = 1B17635A16A8467A004010F6 /* PBXContainerItemProxy */;
			sourceTree = BUILT_PRODUCTS_DIR;
		};
		1B17635D16A8467A004010F6 /* sample1_unittest-static */ = {
			isa = PBXReferenceProxy;
			fileType = "compiled.mach-o.executable";
			path = "sample1_unittest-static";
			remoteRef = 1B17635C16A8467A004010F6 /* PBXContainerItemProxy */;
			sourceTree = BUILT_PRODUCTS_DIR;
		};
		79E025B7169B6F8B00B2E3C3 /* libcocos2dx.a */ = {
			isa = PBXReferenceProxy;
			fileType = archive.ar;
			path = libcocos2dx.a;
			remoteRef = 79E025B6169B6F8B00B2E3C3 /* PBXContainerItemProxy */;
			sourceTree = BUILT_PRODUCTS_DIR;
		};
/* End PBXReferenceProxy section */

/* Begin PBXResourcesBuildPhase section */
		1B59068B169E152800DC668C /* Resources */ = {
			isa = PBXResourcesBuildPhase;
			buildActionMask = 2147483647;
			files = (
				1B59068C169E152800DC668C /* Icon-57.png in Resources */,
				1B59068D169E152800DC668C /* Icon-114.png in Resources */,
				1B59068E169E152800DC668C /* Icon-72.png in Resources */,
				1B59068F169E152800DC668C /* Icon-144.png in Resources */,
				1B590690169E152800DC668C /* iphone in Resources */,
				1B590691169E152800DC668C /* Default.png in Resources */,
				1B590692169E152800DC668C /* Default@2x.png in Resources */,
				1B590693169E152800DC668C /* Default-568h@2x.png in Resources */,
				1B590694169E152800DC668C /* ipad in Resources */,
				1B590695169E152800DC668C /* ipadhd in Resources */,
			);
			runOnlyForDeploymentPostprocessing = 0;
		};
		1D60588D0D05DD3D006BFB54 /* Resources */ = {
			isa = PBXResourcesBuildPhase;
			buildActionMask = 2147483647;
			files = (
				D4EF94E815BD319200D803EB /* Icon-57.png in Resources */,
				D4EF94EA15BD319500D803EB /* Icon-114.png in Resources */,
				D4EF94EC15BD319B00D803EB /* Icon-72.png in Resources */,
				D4EF94EE15BD319D00D803EB /* Icon-144.png in Resources */,
				15003FA315D2601D00B6775A /* iphone in Resources */,
				D446FD79161028E9000ADA7B /* Default.png in Resources */,
				D446FD7B161028ED000ADA7B /* Default@2x.png in Resources */,
				D446FD7D161028F4000ADA7B /* Default-568h@2x.png in Resources */,
				1A1CF3691626CEFF00AFC938 /* ipad in Resources */,
				1A1CF36A1626CEFF00AFC938 /* ipadhd in Resources */,
				1B5906AC169E172200DC668C /* LevireTemplate-Info.plist in Resources */,
			);
			runOnlyForDeploymentPostprocessing = 0;
		};
/* End PBXResourcesBuildPhase section */

/* Begin PBXSourcesBuildPhase section */
		1B590696169E152800DC668C /* Sources */ = {
			isa = PBXSourcesBuildPhase;
			buildActionMask = 2147483647;
			files = (
				1B590697169E152800DC668C /* AppController.mm in Sources */,
				1B590698169E152800DC668C /* RootViewController.mm in Sources */,
				1B5906B0169E199400DC668C /* SampleTest.cpp in Sources */,
				1B590719169E352600DC668C /* AppDelegate.cpp in Sources */,
				1B59071A169E352600DC668C /* TestRunnerScene.cpp in Sources */,
				1B59071E169E397900DC668C /* main.m in Sources */,
				1B1762E416A72E2E004010F6 /* CocosUnitTestResultPrinter.cpp in Sources */,
			);
			runOnlyForDeploymentPostprocessing = 0;
		};
		1D60588E0D05DD3D006BFB54 /* Sources */ = {
			isa = PBXSourcesBuildPhase;
			buildActionMask = 2147483647;
			files = (
				BF365AA812A103F70050DCF4 /* AppController.mm in Sources */,
				BF4DE6AD138BB89600CF907D /* RootViewController.mm in Sources */,
				1B59071B169E363D00DC668C /* AppDelegate.cpp in Sources */,
				1B59071C169E364200DC668C /* HelloWorldScene.cpp in Sources */,
				1B59071D169E394200DC668C /* main.m in Sources */,
				1B1761B216A46265004010F6 /* CCBAnimationManager.cpp in Sources */,
				1B1761B316A46265004010F6 /* CCBFileLoader.cpp in Sources */,
				1B1761B416A46265004010F6 /* CCBKeyframe.cpp in Sources */,
				1B1761B516A46265004010F6 /* CCBReader.cpp in Sources */,
				1B1761B616A46265004010F6 /* CCBSequence.cpp in Sources */,
				1B1761B716A46265004010F6 /* CCBSequenceProperty.cpp in Sources */,
				1B1761B816A46265004010F6 /* CCBValue.cpp in Sources */,
				1B1761B916A46265004010F6 /* CCControlButtonLoader.cpp in Sources */,
				1B1761BA16A46265004010F6 /* CCControlLoader.cpp in Sources */,
				1B1761BB16A46265004010F6 /* CCData.cpp in Sources */,
				1B1761BC16A46265004010F6 /* CCLabelBMFontLoader.cpp in Sources */,
				1B1761BD16A46265004010F6 /* CCLabelTTFLoader.cpp in Sources */,
				1B1761BE16A46265004010F6 /* CCLayerColorLoader.cpp in Sources */,
				1B1761BF16A46265004010F6 /* CCLayerGradientLoader.cpp in Sources */,
				1B1761C016A46265004010F6 /* CCLayerLoader.cpp in Sources */,
				1B1761C116A46265004010F6 /* CCMenuItemImageLoader.cpp in Sources */,
				1B1761C216A46265004010F6 /* CCMenuItemLoader.cpp in Sources */,
				1B1761C316A46265004010F6 /* CCNode+CCBRelativePositioning.cpp in Sources */,
				1B1761C416A46265004010F6 /* CCNodeLoader.cpp in Sources */,
				1B1761C516A46265004010F6 /* CCNodeLoaderLibrary.cpp in Sources */,
				1B1761C616A46265004010F6 /* CCParticleSystemQuadLoader.cpp in Sources */,
				1B1761C716A46265004010F6 /* CCScale9SpriteLoader.cpp in Sources */,
				1B1761C816A46265004010F6 /* CCScrollViewLoader.cpp in Sources */,
				1B1761C916A46265004010F6 /* CCSpriteLoader.cpp in Sources */,
				1B1761CA16A46265004010F6 /* CCControl.cpp in Sources */,
				1B1761CB16A46265004010F6 /* CCControlButton.cpp in Sources */,
				1B1761CC16A46265004010F6 /* CCControlColourPicker.cpp in Sources */,
				1B1761CD16A46265004010F6 /* CCControlHuePicker.cpp in Sources */,
				1B1761CE16A46265004010F6 /* CCControlPotentiometer.cpp in Sources */,
				1B1761CF16A46265004010F6 /* CCControlSaturationBrightnessPicker.cpp in Sources */,
				1B1761D016A46265004010F6 /* CCControlSlider.cpp in Sources */,
				1B1761D116A46265004010F6 /* CCControlStepper.cpp in Sources */,
				1B1761D216A46265004010F6 /* CCControlSwitch.cpp in Sources */,
				1B1761D316A46265004010F6 /* CCControlUtils.cpp in Sources */,
				1B1761D416A46265004010F6 /* CCInvocation.cpp in Sources */,
				1B1761D516A46265004010F6 /* CCScale9Sprite.cpp in Sources */,
				1B1761D616A46265004010F6 /* CCEditBox.cpp in Sources */,
				1B1761D816A46265004010F6 /* CCEditBoxImplIOS.mm in Sources */,
				1B1761D916A46265004010F6 /* EditBoxImplIOS.mm in Sources */,
				1B1761DA16A46265004010F6 /* CCScrollView.cpp in Sources */,
				1B1761DB16A46265004010F6 /* CCSorting.cpp in Sources */,
				1B1761DC16A46265004010F6 /* CCTableView.cpp in Sources */,
				1B1761DD16A46265004010F6 /* CCTableViewCell.cpp in Sources */,
				1B1761DE16A46265004010F6 /* HttpClient.cpp in Sources */,
			);
			runOnlyForDeploymentPostprocessing = 0;
		};
/* End PBXSourcesBuildPhase section */

/* Begin XCBuildConfiguration section */
		1B5906A6169E152800DC668C /* Debug */ = {
			isa = XCBuildConfiguration;
			buildSettings = {
				ALWAYS_SEARCH_USER_PATHS = NO;
				ARCHS = "$(ARCHS_STANDARD_32_BIT)";
				CODE_SIGN_IDENTITY = "iPhone Developer";
				COPY_PHASE_STRIP = NO;
				GCC_DYNAMIC_NO_PIC = NO;
				GCC_INLINES_ARE_PRIVATE_EXTERN = NO;
				GCC_OPTIMIZATION_LEVEL = 0;
				GCC_PRECOMPILE_PREFIX_HEADER = YES;
				GCC_PREFIX_HEADER = LevireTemplate_Prefix.pch;
				GCC_PREPROCESSOR_DEFINITIONS = (
					USE_FILE32API,
					TARGET_OS_IPHONE,
					"COCOS2D_DEBUG=1",
				);
				GCC_PREPROCESSOR_DEFINITIONS_NOT_USED_IN_PRECOMPS = "";
				GCC_SYMBOLS_PRIVATE_EXTERN = NO;
				GCC_VERSION = com.apple.compilers.llvm.clang.1_0;
				HEADER_SEARCH_PATHS = (
					"\"$(SDKROOT)/usr/include/libxml2/\"",
					"\"$(SRCROOT)/../../cocos2dx/include\"",
					"\"$(SRCROOT)/../../cocos2dx\"",
					"\"$(SRCROOT)/../../cocos2dx/platform/ios\"",
					"\"$(SRCROOT)/../../cocos2dx/kazmath/include\"",
					"\"$(SRCROOT)/../../external/chipmunk/include/chipmunk\"",
					"\"$(SRCROOT)/../../gmock/gtest/include\"",
					"\"$(SRCROOT)/../../cocos2dx/platform/ios\"",
				);
				INFOPLIST_FILE = "LevireTemplateTests-Info.plist";
				IPHONEOS_DEPLOYMENT_TARGET = 4.3;
				LIBRARY_SEARCH_PATHS = (
					"$(inherited)",
					"\"$(SRCROOT)/../../cocos2dx/platform/third_party/ios/libraries\"",
				);
				OTHER_LDFLAGS = (
					"-lxml2",
					"-lz",
				);
				PRODUCT_NAME = LevireTemplateTests;
				PROVISIONING_PROFILE = "";
				SDKROOT = iphoneos;
				TARGETED_DEVICE_FAMILY = "1,2";
				VALID_ARCHS = "armv6 armv7";
			};
			name = Debug;
		};
		1B5906A7169E152800DC668C /* Release */ = {
			isa = XCBuildConfiguration;
			buildSettings = {
				ALWAYS_SEARCH_USER_PATHS = NO;
				ARCHS = "$(ARCHS_STANDARD_32_BIT)";
				CODE_SIGN_IDENTITY = "iPhone Developer";
				COPY_PHASE_STRIP = YES;
				GCC_INLINES_ARE_PRIVATE_EXTERN = NO;
				GCC_PRECOMPILE_PREFIX_HEADER = YES;
				GCC_PREFIX_HEADER = LevireTemplate_Prefix.pch;
				GCC_PREPROCESSOR_DEFINITIONS = (
					USE_FILE32API,
					TARGET_OS_IPHONE,
				);
				GCC_PREPROCESSOR_DEFINITIONS_NOT_USED_IN_PRECOMPS = "";
				GCC_SYMBOLS_PRIVATE_EXTERN = NO;
				GCC_VERSION = com.apple.compilers.llvm.clang.1_0;
				HEADER_SEARCH_PATHS = (
					"\"$(SDKROOT)/usr/include/libxml2/\"",
					"\"$(SRCROOT)/../../cocos2dx/include\"",
					"\"$(SRCROOT)/../../cocos2dx\"",
					"\"$(SRCROOT)/../../cocos2dx/platform/ios\"",
					"\"$(SRCROOT)/../../cocos2dx/kazmath/include\"",
					"\"$(SRCROOT)/../../external/chipmunk/include/chipmunk\"",
					"\"$(SRCROOT)/../../gmock/gtest/include\"",
					"\"$(SRCROOT)/../../cocos2dx/platform/ios\"",
				);
				INFOPLIST_FILE = "LevireTemplateTests-Info.plist";
				IPHONEOS_DEPLOYMENT_TARGET = 4.3;
				LIBRARY_SEARCH_PATHS = (
					"$(inherited)",
					"\"$(SRCROOT)/../../cocos2dx/platform/third_party/ios/libraries\"",
				);
				OTHER_LDFLAGS = (
					"-lxml2",
					"-lz",
				);
				PRODUCT_NAME = LevireTemplateTests;
				PROVISIONING_PROFILE = "";
				SDKROOT = iphoneos;
				TARGETED_DEVICE_FAMILY = "1,2";
				VALIDATE_PRODUCT = YES;
				VALID_ARCHS = "armv6 armv7";
			};
			name = Release;
		};
		1D6058940D05DD3E006BFB54 /* Debug */ = {
			isa = XCBuildConfiguration;
			buildSettings = {
				ALWAYS_SEARCH_USER_PATHS = NO;
				ARCHS = "$(ARCHS_STANDARD_32_BIT)";
				CODE_SIGN_IDENTITY = "iPhone Developer";
				COPY_PHASE_STRIP = NO;
				GCC_DYNAMIC_NO_PIC = NO;
				GCC_INLINES_ARE_PRIVATE_EXTERN = NO;
				GCC_OPTIMIZATION_LEVEL = 0;
				GCC_PRECOMPILE_PREFIX_HEADER = YES;
				GCC_PREFIX_HEADER = LevireTemplate_Prefix.pch;
				GCC_PREPROCESSOR_DEFINITIONS = (
					USE_FILE32API,
					TARGET_OS_IPHONE,
					"COCOS2D_DEBUG=1",
				);
				GCC_PREPROCESSOR_DEFINITIONS_NOT_USED_IN_PRECOMPS = "";
				GCC_SYMBOLS_PRIVATE_EXTERN = NO;
				GCC_VERSION = "";
				HEADER_SEARCH_PATHS = (
					"\"$(SDKROOT)/usr/include/libxml2/\"",
					"\"$(SRCROOT)/../../cocos2dx/include\"",
					"\"$(SRCROOT)/../../cocos2dx\"",
					"\"$(SRCROOT)/../../cocos2dx/platform/ios\"",
					"\"$(SRCROOT)/../../cocos2dx/kazmath/include\"",
					"\"$(SRCROOT)/../../external/chipmunk/include/chipmunk\"",
					"\"$(SRCROOT)/../../cocos2dx/platform/third_party/ios\"",
				);
				INFOPLIST_FILE = "LevireTemplate-Info.plist";
				IPHONEOS_DEPLOYMENT_TARGET = 4.3;
				LIBRARY_SEARCH_PATHS = (
					"$(inherited)",
					"\"$(SRCROOT)/../../cocos2dx/platform/third_party/ios/libraries\"",
				);
				OTHER_LDFLAGS = (
					"-lxml2",
					"-lz",
				);
				PRODUCT_NAME = LevireTemplate;
				PROVISIONING_PROFILE = "";
				SDKROOT = iphoneos;
				TARGETED_DEVICE_FAMILY = "1,2";
				VALID_ARCHS = "armv6 armv7";
			};
			name = Debug;
		};
		1D6058950D05DD3E006BFB54 /* Release */ = {
			isa = XCBuildConfiguration;
			buildSettings = {
				ALWAYS_SEARCH_USER_PATHS = NO;
				ARCHS = "$(ARCHS_STANDARD_32_BIT)";
				CODE_SIGN_IDENTITY = "iPhone Developer";
				COPY_PHASE_STRIP = YES;
				GCC_INLINES_ARE_PRIVATE_EXTERN = NO;
				GCC_PRECOMPILE_PREFIX_HEADER = YES;
				GCC_PREFIX_HEADER = LevireTemplate_Prefix.pch;
				GCC_PREPROCESSOR_DEFINITIONS = (
					USE_FILE32API,
					TARGET_OS_IPHONE,
				);
				GCC_PREPROCESSOR_DEFINITIONS_NOT_USED_IN_PRECOMPS = "";
				GCC_SYMBOLS_PRIVATE_EXTERN = NO;
				GCC_VERSION = "";
				HEADER_SEARCH_PATHS = (
					"\"$(SDKROOT)/usr/include/libxml2/\"",
					"\"$(SRCROOT)/../../cocos2dx/include\"",
					"\"$(SRCROOT)/../../cocos2dx\"",
					"\"$(SRCROOT)/../../cocos2dx/platform/ios\"",
					"\"$(SRCROOT)/../../cocos2dx/kazmath/include\"",
					"\"$(SRCROOT)/../../external/chipmunk/include/chipmunk\"",
					"\"$(SRCROOT)/../../cocos2dx/platform/third_party/ios\"",
				);
				INFOPLIST_FILE = "LevireTemplate-Info.plist";
				IPHONEOS_DEPLOYMENT_TARGET = 4.3;
				LIBRARY_SEARCH_PATHS = (
					"$(inherited)",
					"\"$(SRCROOT)/../../cocos2dx/platform/third_party/ios/libraries\"",
				);
				OTHER_LDFLAGS = (
					"-lxml2",
					"-lz",
				);
				PRODUCT_NAME = LevireTemplate;
				PROVISIONING_PROFILE = "";
				SDKROOT = iphoneos;
				TARGETED_DEVICE_FAMILY = "1,2";
				VALIDATE_PRODUCT = YES;
				VALID_ARCHS = "armv6 armv7";
			};
			name = Release;
		};
		C01FCF4F08A954540054247B /* Debug */ = {
			isa = XCBuildConfiguration;
			buildSettings = {
				ARCHS = "$(ARCHS_STANDARD_32_BIT)";
				"CODE_SIGN_IDENTITY[sdk=iphoneos*]" = "iPhone Developer";
				GCC_C_LANGUAGE_STANDARD = c99;
				GCC_VERSION = com.apple.compilers.llvm.clang.1_0;
				GCC_WARN_ABOUT_RETURN_TYPE = YES;
				GCC_WARN_UNUSED_VARIABLE = YES;
				ONLY_ACTIVE_ARCH = NO;
				SDKROOT = iphoneos;
				VALID_ARCHS = "armv6 armv7";
			};
			name = Debug;
		};
		C01FCF5008A954540054247B /* Release */ = {
			isa = XCBuildConfiguration;
			buildSettings = {
				ARCHS = "$(ARCHS_STANDARD_32_BIT)";
				"CODE_SIGN_IDENTITY[sdk=iphoneos*]" = "iPhone Developer";
				GCC_C_LANGUAGE_STANDARD = c99;
				GCC_VERSION = com.apple.compilers.llvm.clang.1_0;
				GCC_WARN_ABOUT_RETURN_TYPE = YES;
				GCC_WARN_UNUSED_VARIABLE = YES;
				ONLY_ACTIVE_ARCH = NO;
				OTHER_CFLAGS = "-DNS_BLOCK_ASSERTIONS=1";
				SDKROOT = iphoneos;
				VALID_ARCHS = "armv6 armv7";
			};
			name = Release;
		};
/* End XCBuildConfiguration section */

/* Begin XCConfigurationList section */
		1B5906A5169E152800DC668C /* Build configuration list for PBXNativeTarget "LevireTestsTemplate" */ = {
			isa = XCConfigurationList;
			buildConfigurations = (
				1B5906A6169E152800DC668C /* Debug */,
				1B5906A7169E152800DC668C /* Release */,
			);
			defaultConfigurationIsVisible = 0;
			defaultConfigurationName = Release;
		};
		1D6058960D05DD3E006BFB54 /* Build configuration list for PBXNativeTarget "LevireTemplate" */ = {
			isa = XCConfigurationList;
			buildConfigurations = (
				1D6058940D05DD3E006BFB54 /* Debug */,
				1D6058950D05DD3E006BFB54 /* Release */,
			);
			defaultConfigurationIsVisible = 0;
			defaultConfigurationName = Release;
		};
		C01FCF4E08A954540054247B /* Build configuration list for PBXProject "LevireTemplate" */ = {
			isa = XCConfigurationList;
			buildConfigurations = (
				C01FCF4F08A954540054247B /* Debug */,
				C01FCF5008A954540054247B /* Release */,
			);
			defaultConfigurationIsVisible = 0;
			defaultConfigurationName = Release;
		};
/* End XCConfigurationList section */
	};
	rootObject = 29B97313FDCFA39411CA2CEA /* Project object */;
}
